PODS:
  - MVVMplusR (0.0.4)
  - Nimble (8.0.9)
  - Quick (2.2.0)
  - ReactiveCocoa (10.3.0):
    - ReactiveSwift (~> 6.2)
  - ReactiveSwift (6.3.0)
  - SwiftGen (6.1.0)
  - SwiftLint (0.39.2)
  - Swinject (2.7.1)

DEPENDENCIES:
  - MVVMplusR (~> 0.0.4)
  - Nimble (~> 8.0.9)
  - Quick (~> 2.2.0)
  - ReactiveCocoa (~> 10.3.0)
  - ReactiveSwift (~> 6.3.0)
  - SwiftGen (~> 6.1.0)
  - SwiftLint (~> 0.39.2)
  - Swinject (~> 2.7.1)

SPEC REPOS:
  trunk:
    - MVVMplusR
    - Nimble
    - Quick
    - ReactiveCocoa
    - ReactiveSwift
    - SwiftGen
    - SwiftLint
    - Swinject

SPEC CHECKSUMS:
  MVVMplusR: b192e36e78e0b0ae2e82e6d14694bfff88a1d1e3
  Nimble: 98b888285a615fd34f20e61753cf58ea1402bde4
  Quick: 7fb19e13be07b5dfb3b90d4f9824c855a11af40e
  ReactiveCocoa: 083ae559e6f588ce519cab412ea119b431c26a24
  ReactiveSwift: 7937f26ec18d555e2a99352bd0a8b2817d1f042d
  SwiftGen: f872ca75cbd17bf7103c17f13dcfa0d9a15667b0
  SwiftLint: 22ccbbe3b8008684be5955693bab135e0ed6a447
  Swinject: ddf78b8486dd9b71a667b852cad919ab4484478e

PODFILE CHECKSUM: 9d50eceeb4066c4654f9ebd44981df07d1d29c02

COCOAPODS: 1.8.4
