PODS:
  - MVVMplusR (0.1.0)
  - Nimble (8.0.9)
  - Quick (2.2.1)
  - RxCocoa (5.1.1):
    - RxRelay (~> 5)
    - RxSwift (~> 5)
  - RxRelay (5.1.1):
    - RxSwift (~> 5)
  - RxSwift (5.1.1)
  - SwiftGen (6.1.0)
  - SwiftLint (0.39.2)
  - Swinject (2.7.1)

DEPENDENCIES:
  - MVVMplusR (~> 0.1.0)
  - Nimble (~> 8.0.9)
  - Quick (~> 2.2.0)
  - RxCocoa (~> 5.1.1)
  - RxSwift (~> 5.1.1)
  - SwiftGen (~> 6.1.0)
  - SwiftLint (~> 0.39.2)
  - Swinject (~> 2.7.1)

SPEC REPOS:
  trunk:
    - MVVMplusR
    - Nimble
    - Quick
    - RxCocoa
    - RxRelay
    - RxSwift
    - SwiftGen
    - SwiftLint
    - Swinject

SPEC CHECKSUMS:
  MVVMplusR: 5f685303b92723022e47348517376c564ceaab14
  Nimble: 98b888285a615fd34f20e61753cf58ea1402bde4
  Quick: f5754d69b7013f5864c29aab9ae6f0c79c5bc200
  RxCocoa: 32065309a38d29b5b0db858819b5bf9ef038b601
  RxRelay: d77f7d771495f43c556cbc43eebd1bb54d01e8e9
  RxSwift: 81470a2074fa8780320ea5fe4102807cb7118178
  SwiftGen: f872ca75cbd17bf7103c17f13dcfa0d9a15667b0
  SwiftLint: 22ccbbe3b8008684be5955693bab135e0ed6a447
  Swinject: ddf78b8486dd9b71a667b852cad919ab4484478e

PODFILE CHECKSUM: 17c95ea405f1dd5b7f6e3dfe5454c2f6f8bbb1cc

COCOAPODS: 1.9.3
