// !$*UTF8*$!
{
	archiveVersion = 1;
	classes = {
	};
	objectVersion = 51;
	objects = {

/* Begin PBXBuildFile section */
		0C0D9208245D91D200A4F2ED /* EventServiceProtocol.swift in Sources */ = {isa = PBXBuildFile; fileRef = 0C0D9207245D91D200A4F2ED /* EventServiceProtocol.swift */; };
		0C0D920A245D91E600A4F2ED /* EventViewItem.swift in Sources */ = {isa = PBXBuildFile; fileRef = 0C0D9209245D91E600A4F2ED /* EventViewItem.swift */; };
		0C0D920C245D91F900A4F2ED /* MockEventService.swift in Sources */ = {isa = PBXBuildFile; fileRef = 0C0D920B245D91F900A4F2ED /* MockEventService.swift */; };
		0C0D9213245D92DF00A4F2ED /* SpeakerServiceProtocol.swift in Sources */ = {isa = PBXBuildFile; fileRef = 0C0D9212245D92DF00A4F2ED /* SpeakerServiceProtocol.swift */; };
		0C0D9215245D92F400A4F2ED /* SpeakerViewItem.swift in Sources */ = {isa = PBXBuildFile; fileRef = 0C0D9214245D92F400A4F2ED /* SpeakerViewItem.swift */; };
		0C0D9217245D930600A4F2ED /* MockSpeakerService.swift in Sources */ = {isa = PBXBuildFile; fileRef = 0C0D9216245D930600A4F2ED /* MockSpeakerService.swift */; };
		0C18FE3B245C54E200960952 /* Session.swift in Sources */ = {isa = PBXBuildFile; fileRef = 0C18FE3A245C54E200960952 /* Session.swift */; };
		0C36CE65245D97C0009C3853 /* GDGUITests.swift in Sources */ = {isa = PBXBuildFile; fileRef = 0C36CE64245D97C0009C3853 /* GDGUITests.swift */; };
		0C697B49247C736E005F5E24 /* Events.storyboard in Resources */ = {isa = PBXBuildFile; fileRef = 0C697B48247C736E005F5E24 /* Events.storyboard */; };
		0C697B4C247C73CB005F5E24 /* EventsView.swift in Sources */ = {isa = PBXBuildFile; fileRef = 0C697B4B247C73CB005F5E24 /* EventsView.swift */; };
		0C697B50247C7819005F5E24 /* Images.xcassets in Resources */ = {isa = PBXBuildFile; fileRef = 0C697B4F247C7819005F5E24 /* Images.xcassets */; };
		0CE1024D245B8BFE0074F6CC /* AppDelegate.swift in Sources */ = {isa = PBXBuildFile; fileRef = 0CE1024C245B8BFE0074F6CC /* AppDelegate.swift */; };
		0CE1024F245B8BFE0074F6CC /* SceneDelegate.swift in Sources */ = {isa = PBXBuildFile; fileRef = 0CE1024E245B8BFE0074F6CC /* SceneDelegate.swift */; };
		0CE10259245B8C010074F6CC /* LaunchScreen.storyboard in Resources */ = {isa = PBXBuildFile; fileRef = 0CE10257245B8C010074F6CC /* LaunchScreen.storyboard */; };
		1E534B9292077A4317D51BBB /* Pods_gdgminsk.framework in Frameworks */ = {isa = PBXBuildFile; fileRef = 70DC3376F71FDEB789DD9AC4 /* Pods_gdgminsk.framework */; };
		31C5F295FD75DE8404D7B5CB /* Pods_gdgminsk_gdgminskUITests.framework in Frameworks */ = {isa = PBXBuildFile; fileRef = C494F2A00CC5B21396077AC2 /* Pods_gdgminsk_gdgminskUITests.framework */; };
		A081D534247D3A5C0074966F /* EventsViewModel.swift in Sources */ = {isa = PBXBuildFile; fileRef = A081D533247D3A5C0074966F /* EventsViewModel.swift */; };
		A081D536247D3A780074966F /* EventsRouter.swift in Sources */ = {isa = PBXBuildFile; fileRef = A081D535247D3A780074966F /* EventsRouter.swift */; };
		A081D538247D3CDB0074966F /* EventsModuleBuilder.swift in Sources */ = {isa = PBXBuildFile; fileRef = A081D537247D3CDB0074966F /* EventsModuleBuilder.swift */; };
		A0AC9398247FF59000714D6E /* EventsModuleBuilderSpec.swift in Sources */ = {isa = PBXBuildFile; fileRef = A0AC9397247FF59000714D6E /* EventsModuleBuilderSpec.swift */; };
		A0AC939A247FF64500714D6E /* SessionSpecs.swift in Sources */ = {isa = PBXBuildFile; fileRef = A0AC9399247FF64500714D6E /* SessionSpecs.swift */; };
		A0ECC4D8247D492700DA2B12 /* Main.storyboard in Resources */ = {isa = PBXBuildFile; fileRef = A0ECC4D7247D492700DA2B12 /* Main.storyboard */; };
		C8CA72E91673A39AB04C1445 /* Pods_gdgminskTests.framework in Frameworks */ = {isa = PBXBuildFile; fileRef = C424E49DA05973A2C4866626 /* Pods_gdgminskTests.framework */; };
/* End PBXBuildFile section */

/* Begin PBXContainerItemProxy section */
		0CE10260245B8C010074F6CC /* PBXContainerItemProxy */ = {
			isa = PBXContainerItemProxy;
			containerPortal = 0CE10241245B8BFD0074F6CC /* Project object */;
			proxyType = 1;
			remoteGlobalIDString = 0CE10248245B8BFE0074F6CC;
			remoteInfo = gdgminsk;
		};
		0CE1026B245B8C020074F6CC /* PBXContainerItemProxy */ = {
			isa = PBXContainerItemProxy;
			containerPortal = 0CE10241245B8BFD0074F6CC /* Project object */;
			proxyType = 1;
			remoteGlobalIDString = 0CE10248245B8BFE0074F6CC;
			remoteInfo = gdgminsk;
		};
/* End PBXContainerItemProxy section */

/* Begin PBXFileReference section */
		0C0D9207245D91D200A4F2ED /* EventServiceProtocol.swift */ = {isa = PBXFileReference; lastKnownFileType = sourcecode.swift; path = EventServiceProtocol.swift; sourceTree = "<group>"; };
		0C0D9209245D91E600A4F2ED /* EventViewItem.swift */ = {isa = PBXFileReference; lastKnownFileType = sourcecode.swift; name = EventViewItem.swift; path = gdgminsk/Model/EventViewItem.swift; sourceTree = SOURCE_ROOT; };
		0C0D920B245D91F900A4F2ED /* MockEventService.swift */ = {isa = PBXFileReference; lastKnownFileType = sourcecode.swift; path = MockEventService.swift; sourceTree = "<group>"; };
		0C0D9212245D92DF00A4F2ED /* SpeakerServiceProtocol.swift */ = {isa = PBXFileReference; lastKnownFileType = sourcecode.swift; path = SpeakerServiceProtocol.swift; sourceTree = "<group>"; };
		0C0D9214245D92F400A4F2ED /* SpeakerViewItem.swift */ = {isa = PBXFileReference; lastKnownFileType = sourcecode.swift; name = SpeakerViewItem.swift; path = gdgminsk/Model/SpeakerViewItem.swift; sourceTree = SOURCE_ROOT; };
		0C0D9216245D930600A4F2ED /* MockSpeakerService.swift */ = {isa = PBXFileReference; lastKnownFileType = sourcecode.swift; path = MockSpeakerService.swift; sourceTree = "<group>"; };
		0C18FE3A245C54E200960952 /* Session.swift */ = {isa = PBXFileReference; lastKnownFileType = sourcecode.swift; path = Session.swift; sourceTree = "<group>"; };
		0C36CE64245D97C0009C3853 /* GDGUITests.swift */ = {isa = PBXFileReference; lastKnownFileType = sourcecode.swift; path = GDGUITests.swift; sourceTree = "<group>"; };
		0C697B48247C736E005F5E24 /* Events.storyboard */ = {isa = PBXFileReference; lastKnownFileType = file.storyboard; path = Events.storyboard; sourceTree = "<group>"; };
		0C697B4B247C73CB005F5E24 /* EventsView.swift */ = {isa = PBXFileReference; lastKnownFileType = sourcecode.swift; path = EventsView.swift; sourceTree = "<group>"; };
		0C697B4F247C7819005F5E24 /* Images.xcassets */ = {isa = PBXFileReference; lastKnownFileType = folder.assetcatalog; path = Images.xcassets; sourceTree = "<group>"; };
		0CE10249245B8BFE0074F6CC /* gdgminsk.app */ = {isa = PBXFileReference; explicitFileType = wrapper.application; includeInIndex = 0; path = gdgminsk.app; sourceTree = BUILT_PRODUCTS_DIR; };
		0CE1024C245B8BFE0074F6CC /* AppDelegate.swift */ = {isa = PBXFileReference; lastKnownFileType = sourcecode.swift; path = AppDelegate.swift; sourceTree = "<group>"; };
		0CE1024E245B8BFE0074F6CC /* SceneDelegate.swift */ = {isa = PBXFileReference; lastKnownFileType = sourcecode.swift; path = SceneDelegate.swift; sourceTree = "<group>"; };
		0CE10258245B8C010074F6CC /* Base */ = {isa = PBXFileReference; lastKnownFileType = file.storyboard; name = Base; path = Base.lproj/LaunchScreen.storyboard; sourceTree = "<group>"; };
		0CE1025A245B8C010074F6CC /* Info.plist */ = {isa = PBXFileReference; lastKnownFileType = text.plist.xml; path = Info.plist; sourceTree = "<group>"; };
		0CE1025F245B8C010074F6CC /* gdgminskTests.xctest */ = {isa = PBXFileReference; explicitFileType = wrapper.cfbundle; includeInIndex = 0; path = gdgminskTests.xctest; sourceTree = BUILT_PRODUCTS_DIR; };
		0CE10265245B8C020074F6CC /* Info.plist */ = {isa = PBXFileReference; lastKnownFileType = text.plist.xml; path = Info.plist; sourceTree = "<group>"; };
		0CE1026A245B8C020074F6CC /* gdgminskUITests.xctest */ = {isa = PBXFileReference; explicitFileType = wrapper.cfbundle; includeInIndex = 0; path = gdgminskUITests.xctest; sourceTree = BUILT_PRODUCTS_DIR; };
		0CE10270245B8C020074F6CC /* Info.plist */ = {isa = PBXFileReference; lastKnownFileType = text.plist.xml; path = Info.plist; sourceTree = "<group>"; };
		2809F18415798FE82DA88FC0 /* Pods-gdgminsk.debug.xcconfig */ = {isa = PBXFileReference; includeInIndex = 1; lastKnownFileType = text.xcconfig; name = "Pods-gdgminsk.debug.xcconfig"; path = "Target Support Files/Pods-gdgminsk/Pods-gdgminsk.debug.xcconfig"; sourceTree = "<group>"; };
		384EC510C693AEA239E1B2A5 /* Pods-gdgminsk.release.xcconfig */ = {isa = PBXFileReference; includeInIndex = 1; lastKnownFileType = text.xcconfig; name = "Pods-gdgminsk.release.xcconfig"; path = "Target Support Files/Pods-gdgminsk/Pods-gdgminsk.release.xcconfig"; sourceTree = "<group>"; };
		70DC3376F71FDEB789DD9AC4 /* Pods_gdgminsk.framework */ = {isa = PBXFileReference; explicitFileType = wrapper.framework; includeInIndex = 0; path = Pods_gdgminsk.framework; sourceTree = BUILT_PRODUCTS_DIR; };
		9406556EC82463EC12FA0A77 /* Pods-gdgminsk-gdgminskUITests.debug.xcconfig */ = {isa = PBXFileReference; includeInIndex = 1; lastKnownFileType = text.xcconfig; name = "Pods-gdgminsk-gdgminskUITests.debug.xcconfig"; path = "Target Support Files/Pods-gdgminsk-gdgminskUITests/Pods-gdgminsk-gdgminskUITests.debug.xcconfig"; sourceTree = "<group>"; };
		A081D533247D3A5C0074966F /* EventsViewModel.swift */ = {isa = PBXFileReference; lastKnownFileType = sourcecode.swift; path = EventsViewModel.swift; sourceTree = "<group>"; };
		A081D535247D3A780074966F /* EventsRouter.swift */ = {isa = PBXFileReference; lastKnownFileType = sourcecode.swift; path = EventsRouter.swift; sourceTree = "<group>"; };
		A081D537247D3CDB0074966F /* EventsModuleBuilder.swift */ = {isa = PBXFileReference; lastKnownFileType = sourcecode.swift; path = EventsModuleBuilder.swift; sourceTree = "<group>"; };
		A0AC9397247FF59000714D6E /* EventsModuleBuilderSpec.swift */ = {isa = PBXFileReference; lastKnownFileType = sourcecode.swift; path = EventsModuleBuilderSpec.swift; sourceTree = "<group>"; };
		A0AC9399247FF64500714D6E /* SessionSpecs.swift */ = {isa = PBXFileReference; lastKnownFileType = sourcecode.swift; path = SessionSpecs.swift; sourceTree = "<group>"; };
		A0ECC4D7247D492700DA2B12 /* Main.storyboard */ = {isa = PBXFileReference; lastKnownFileType = file.storyboard; path = Main.storyboard; sourceTree = "<group>"; };
		B2DEB4F48F9FE6C92817A552 /* Pods-gdgminsk-gdgminskUITests.release.xcconfig */ = {isa = PBXFileReference; includeInIndex = 1; lastKnownFileType = text.xcconfig; name = "Pods-gdgminsk-gdgminskUITests.release.xcconfig"; path = "Target Support Files/Pods-gdgminsk-gdgminskUITests/Pods-gdgminsk-gdgminskUITests.release.xcconfig"; sourceTree = "<group>"; };
		C424E49DA05973A2C4866626 /* Pods_gdgminskTests.framework */ = {isa = PBXFileReference; explicitFileType = wrapper.framework; includeInIndex = 0; path = Pods_gdgminskTests.framework; sourceTree = BUILT_PRODUCTS_DIR; };
		C494F2A00CC5B21396077AC2 /* Pods_gdgminsk_gdgminskUITests.framework */ = {isa = PBXFileReference; explicitFileType = wrapper.framework; includeInIndex = 0; path = Pods_gdgminsk_gdgminskUITests.framework; sourceTree = BUILT_PRODUCTS_DIR; };
		C4ADF146D0CDD09C0896D8D3 /* Pods-gdgminskTests.debug.xcconfig */ = {isa = PBXFileReference; includeInIndex = 1; lastKnownFileType = text.xcconfig; name = "Pods-gdgminskTests.debug.xcconfig"; path = "Target Support Files/Pods-gdgminskTests/Pods-gdgminskTests.debug.xcconfig"; sourceTree = "<group>"; };
		F2935C5338ABADC58F439AFE /* Pods-gdgminskTests.release.xcconfig */ = {isa = PBXFileReference; includeInIndex = 1; lastKnownFileType = text.xcconfig; name = "Pods-gdgminskTests.release.xcconfig"; path = "Target Support Files/Pods-gdgminskTests/Pods-gdgminskTests.release.xcconfig"; sourceTree = "<group>"; };
/* End PBXFileReference section */

/* Begin PBXFrameworksBuildPhase section */
		0CE10246245B8BFE0074F6CC /* Frameworks */ = {
			isa = PBXFrameworksBuildPhase;
			buildActionMask = 2147483647;
			files = (
				1E534B9292077A4317D51BBB /* Pods_gdgminsk.framework in Frameworks */,
			);
			runOnlyForDeploymentPostprocessing = 0;
		};
		0CE1025C245B8C010074F6CC /* Frameworks */ = {
			isa = PBXFrameworksBuildPhase;
			buildActionMask = 2147483647;
			files = (
				C8CA72E91673A39AB04C1445 /* Pods_gdgminskTests.framework in Frameworks */,
			);
			runOnlyForDeploymentPostprocessing = 0;
		};
		0CE10267245B8C020074F6CC /* Frameworks */ = {
			isa = PBXFrameworksBuildPhase;
			buildActionMask = 2147483647;
			files = (
				31C5F295FD75DE8404D7B5CB /* Pods_gdgminsk_gdgminskUITests.framework in Frameworks */,
			);
			runOnlyForDeploymentPostprocessing = 0;
		};
/* End PBXFrameworksBuildPhase section */

/* Begin PBXGroup section */
		0C0D9206245D91C500A4F2ED /* EventService */ = {
			isa = PBXGroup;
			children = (
				0C0D9207245D91D200A4F2ED /* EventServiceProtocol.swift */,
				0C0D920B245D91F900A4F2ED /* MockEventService.swift */,
			);
			path = EventService;
			sourceTree = "<group>";
		};
		0C0D9211245D92CC00A4F2ED /* SpeakerService */ = {
			isa = PBXGroup;
			children = (
				0C0D9212245D92DF00A4F2ED /* SpeakerServiceProtocol.swift */,
				0C0D9216245D930600A4F2ED /* MockSpeakerService.swift */,
			);
			path = SpeakerService;
			sourceTree = "<group>";
		};
		0C18FE34245C546E00960952 /* ModuleBuilder */ = {
			isa = PBXGroup;
			children = (
				A081D537247D3CDB0074966F /* EventsModuleBuilder.swift */,
			);
			path = ModuleBuilder;
			sourceTree = "<group>";
		};
		0C18FE35245C548100960952 /* Service */ = {
			isa = PBXGroup;
			children = (
				0C0D9211245D92CC00A4F2ED /* SpeakerService */,
				0C0D9206245D91C500A4F2ED /* EventService */,
			);
			path = Service;
			sourceTree = "<group>";
		};
		0C18FE36245C549000960952 /* Model */ = {
			isa = PBXGroup;
			children = (
				0C0D9209245D91E600A4F2ED /* EventViewItem.swift */,
				0C0D9214245D92F400A4F2ED /* SpeakerViewItem.swift */,
			);
			path = Model;
			sourceTree = "<group>";
		};
		0C18FE37245C54AE00960952 /* Core */ = {
			isa = PBXGroup;
			children = (
				0C18FE3A245C54E200960952 /* Session.swift */,
			);
			path = Core;
			sourceTree = "<group>";
		};
		0C697B47247C7347005F5E24 /* Storyboards */ = {
			isa = PBXGroup;
			children = (
				0CE10257245B8C010074F6CC /* LaunchScreen.storyboard */,
				0C697B48247C736E005F5E24 /* Events.storyboard */,
				A0ECC4D7247D492700DA2B12 /* Main.storyboard */,
			);
			path = Storyboards;
			sourceTree = "<group>";
		};
		0C697B4A247C73BC005F5E24 /* Events */ = {
			isa = PBXGroup;
			children = (
				0C697B4B247C73CB005F5E24 /* EventsView.swift */,
				A081D533247D3A5C0074966F /* EventsViewModel.swift */,
				A081D535247D3A780074966F /* EventsRouter.swift */,
			);
			path = Events;
			sourceTree = "<group>";
		};
		0C697B4D247C7802005F5E24 /* Images */ = {
			isa = PBXGroup;
			children = (
				0C697B4F247C7819005F5E24 /* Images.xcassets */,
			);
			path = Images;
			sourceTree = "<group>";
		};
		0CE10240245B8BFD0074F6CC = {
			isa = PBXGroup;
			children = (
				0CE1024B245B8BFE0074F6CC /* gdgminsk */,
				0CE10262245B8C010074F6CC /* gdgminskTests */,
				0CE1026D245B8C020074F6CC /* gdgminskUITests */,
				0CE1024A245B8BFE0074F6CC /* Products */,
				F4D707E243FC087BC837C319 /* Pods */,
				EF1E2D67D50DE2F4D03256BF /* Frameworks */,
			);
			sourceTree = "<group>";
		};
		0CE1024A245B8BFE0074F6CC /* Products */ = {
			isa = PBXGroup;
			children = (
				0CE10249245B8BFE0074F6CC /* gdgminsk.app */,
				0CE1025F245B8C010074F6CC /* gdgminskTests.xctest */,
				0CE1026A245B8C020074F6CC /* gdgminskUITests.xctest */,
			);
			name = Products;
			sourceTree = "<group>";
		};
		0CE1024B245B8BFE0074F6CC /* gdgminsk */ = {
			isa = PBXGroup;
			children = (
				0CE1027C245B8C150074F6CC /* App */,
				0C18FE35245C548100960952 /* Service */,
				0C18FE34245C546E00960952 /* ModuleBuilder */,
				0C18FE36245C549000960952 /* Model */,
				0CE1027D245B8C210074F6CC /* Modules */,
				0C697B47247C7347005F5E24 /* Storyboards */,
				0CE1027E245B8C330074F6CC /* Resourses */,
				0CE1025A245B8C010074F6CC /* Info.plist */,
			);
			path = gdgminsk;
			sourceTree = "<group>";
		};
		0CE10262245B8C010074F6CC /* gdgminskTests */ = {
			isa = PBXGroup;
			children = (
				A0AC9394247FF55B00714D6E /* unit */,
				0CE10265245B8C020074F6CC /* Info.plist */,
			);
			path = gdgminskTests;
			sourceTree = "<group>";
		};
		0CE1026D245B8C020074F6CC /* gdgminskUITests */ = {
			isa = PBXGroup;
			children = (
				0CE10270245B8C020074F6CC /* Info.plist */,
				0C36CE64245D97C0009C3853 /* GDGUITests.swift */,
			);
			path = gdgminskUITests;
			sourceTree = "<group>";
		};
		0CE1027C245B8C150074F6CC /* App */ = {
			isa = PBXGroup;
			children = (
				0C18FE37245C54AE00960952 /* Core */,
				0CE1024C245B8BFE0074F6CC /* AppDelegate.swift */,
				0CE1024E245B8BFE0074F6CC /* SceneDelegate.swift */,
			);
			path = App;
			sourceTree = "<group>";
		};
		0CE1027D245B8C210074F6CC /* Modules */ = {
			isa = PBXGroup;
			children = (
				0C697B4A247C73BC005F5E24 /* Events */,
			);
			path = Modules;
			sourceTree = "<group>";
		};
		0CE1027E245B8C330074F6CC /* Resourses */ = {
			isa = PBXGroup;
			children = (
				0C697B4D247C7802005F5E24 /* Images */,
			);
			path = Resourses;
			sourceTree = "<group>";
		};
		A0AC9394247FF55B00714D6E /* unit */ = {
			isa = PBXGroup;
			children = (
				A0AC9395247FF56400714D6E /* Core */,
				A0AC9396247FF57700714D6E /* ModuleBuilder */,
			);
			path = unit;
			sourceTree = "<group>";
		};
		A0AC9395247FF56400714D6E /* Core */ = {
			isa = PBXGroup;
			children = (
				A0AC9399247FF64500714D6E /* SessionSpecs.swift */,
			);
			path = Core;
			sourceTree = "<group>";
		};
		A0AC9396247FF57700714D6E /* ModuleBuilder */ = {
			isa = PBXGroup;
			children = (
				A0AC9397247FF59000714D6E /* EventsModuleBuilderSpec.swift */,
			);
			path = ModuleBuilder;
			sourceTree = "<group>";
		};
		EF1E2D67D50DE2F4D03256BF /* Frameworks */ = {
			isa = PBXGroup;
			children = (
				70DC3376F71FDEB789DD9AC4 /* Pods_gdgminsk.framework */,
				C494F2A00CC5B21396077AC2 /* Pods_gdgminsk_gdgminskUITests.framework */,
				C424E49DA05973A2C4866626 /* Pods_gdgminskTests.framework */,
			);
			name = Frameworks;
			sourceTree = "<group>";
		};
		F4D707E243FC087BC837C319 /* Pods */ = {
			isa = PBXGroup;
			children = (
				2809F18415798FE82DA88FC0 /* Pods-gdgminsk.debug.xcconfig */,
				384EC510C693AEA239E1B2A5 /* Pods-gdgminsk.release.xcconfig */,
				9406556EC82463EC12FA0A77 /* Pods-gdgminsk-gdgminskUITests.debug.xcconfig */,
				B2DEB4F48F9FE6C92817A552 /* Pods-gdgminsk-gdgminskUITests.release.xcconfig */,
				C4ADF146D0CDD09C0896D8D3 /* Pods-gdgminskTests.debug.xcconfig */,
				F2935C5338ABADC58F439AFE /* Pods-gdgminskTests.release.xcconfig */,
			);
			path = Pods;
			sourceTree = "<group>";
		};
/* End PBXGroup section */

/* Begin PBXNativeTarget section */
		0CE10248245B8BFE0074F6CC /* gdgminsk */ = {
			isa = PBXNativeTarget;
			buildConfigurationList = 0CE10273245B8C020074F6CC /* Build configuration list for PBXNativeTarget "gdgminsk" */;
			buildPhases = (
				0588F65D6D2130287DC6BC52 /* [CP] Check Pods Manifest.lock */,
				0CE10245245B8BFE0074F6CC /* Sources */,
				0CE10246245B8BFE0074F6CC /* Frameworks */,
				0CE10247245B8BFE0074F6CC /* Resources */,
				0C18FE3E245C6BAE00960952 /* SwiftLint */,
				B9F3D0ADEEE3552508DF8A0F /* [CP] Embed Pods Frameworks */,
			);
			buildRules = (
			);
			dependencies = (
			);
			name = gdgminsk;
			productName = gdgminsk;
			productReference = 0CE10249245B8BFE0074F6CC /* gdgminsk.app */;
			productType = "com.apple.product-type.application";
		};
		0CE1025E245B8C010074F6CC /* gdgminskTests */ = {
			isa = PBXNativeTarget;
			buildConfigurationList = 0CE10276245B8C020074F6CC /* Build configuration list for PBXNativeTarget "gdgminskTests" */;
			buildPhases = (
				3D10CD94FCE2E269D292D8A9 /* [CP] Check Pods Manifest.lock */,
				0CE1025B245B8C010074F6CC /* Sources */,
				0CE1025C245B8C010074F6CC /* Frameworks */,
				0CE1025D245B8C010074F6CC /* Resources */,
				596CD59775F2F2643471B1ED /* [CP] Embed Pods Frameworks */,
			);
			buildRules = (
			);
			dependencies = (
				0CE10261245B8C010074F6CC /* PBXTargetDependency */,
			);
			name = gdgminskTests;
			productName = gdgminskTests;
			productReference = 0CE1025F245B8C010074F6CC /* gdgminskTests.xctest */;
			productType = "com.apple.product-type.bundle.unit-test";
		};
		0CE10269245B8C020074F6CC /* gdgminskUITests */ = {
			isa = PBXNativeTarget;
			buildConfigurationList = 0CE10279245B8C020074F6CC /* Build configuration list for PBXNativeTarget "gdgminskUITests" */;
			buildPhases = (
				01EB23AB8DBEFFB7C3563BB3 /* [CP] Check Pods Manifest.lock */,
				0CE10266245B8C020074F6CC /* Sources */,
				0CE10267245B8C020074F6CC /* Frameworks */,
				0CE10268245B8C020074F6CC /* Resources */,
				5A35DFB5FA67C027D3BD1903 /* [CP] Embed Pods Frameworks */,
			);
			buildRules = (
			);
			dependencies = (
				0CE1026C245B8C020074F6CC /* PBXTargetDependency */,
			);
			name = gdgminskUITests;
			productName = gdgminskUITests;
			productReference = 0CE1026A245B8C020074F6CC /* gdgminskUITests.xctest */;
			productType = "com.apple.product-type.bundle.ui-testing";
		};
/* End PBXNativeTarget section */

/* Begin PBXProject section */
		0CE10241245B8BFD0074F6CC /* Project object */ = {
			isa = PBXProject;
			attributes = {
				LastSwiftUpdateCheck = 1130;
				LastUpgradeCheck = 1130;
				ORGANIZATIONNAME = gdgminsk;
				TargetAttributes = {
					0CE10248245B8BFE0074F6CC = {
						CreatedOnToolsVersion = 11.3.1;
					};
					0CE1025E245B8C010074F6CC = {
						CreatedOnToolsVersion = 11.3.1;
						LastSwiftMigration = 1130;
						TestTargetID = 0CE10248245B8BFE0074F6CC;
					};
					0CE10269245B8C020074F6CC = {
						CreatedOnToolsVersion = 11.3.1;
						LastSwiftMigration = 1130;
						TestTargetID = 0CE10248245B8BFE0074F6CC;
					};
				};
			};
			buildConfigurationList = 0CE10244245B8BFD0074F6CC /* Build configuration list for PBXProject "gdgminsk" */;
			compatibilityVersion = "Xcode 9.3";
			developmentRegion = en;
			hasScannedForEncodings = 0;
			knownRegions = (
				en,
				Base,
			);
			mainGroup = 0CE10240245B8BFD0074F6CC;
			productRefGroup = 0CE1024A245B8BFE0074F6CC /* Products */;
			projectDirPath = "";
			projectRoot = "";
			targets = (
				0CE10248245B8BFE0074F6CC /* gdgminsk */,
				0CE1025E245B8C010074F6CC /* gdgminskTests */,
				0CE10269245B8C020074F6CC /* gdgminskUITests */,
			);
		};
/* End PBXProject section */

/* Begin PBXResourcesBuildPhase section */
		0CE10247245B8BFE0074F6CC /* Resources */ = {
			isa = PBXResourcesBuildPhase;
			buildActionMask = 2147483647;
			files = (
				0CE10259245B8C010074F6CC /* LaunchScreen.storyboard in Resources */,
				0C697B50247C7819005F5E24 /* Images.xcassets in Resources */,
				0C697B49247C736E005F5E24 /* Events.storyboard in Resources */,
				A0ECC4D8247D492700DA2B12 /* Main.storyboard in Resources */,
			);
			runOnlyForDeploymentPostprocessing = 0;
		};
		0CE1025D245B8C010074F6CC /* Resources */ = {
			isa = PBXResourcesBuildPhase;
			buildActionMask = 2147483647;
			files = (
			);
			runOnlyForDeploymentPostprocessing = 0;
		};
		0CE10268245B8C020074F6CC /* Resources */ = {
			isa = PBXResourcesBuildPhase;
			buildActionMask = 2147483647;
			files = (
			);
			runOnlyForDeploymentPostprocessing = 0;
		};
/* End PBXResourcesBuildPhase section */

/* Begin PBXShellScriptBuildPhase section */
		01EB23AB8DBEFFB7C3563BB3 /* [CP] Check Pods Manifest.lock */ = {
			isa = PBXShellScriptBuildPhase;
			buildActionMask = 2147483647;
			files = (
			);
			inputFileListPaths = (
			);
			inputPaths = (
				"${PODS_PODFILE_DIR_PATH}/Podfile.lock",
				"${PODS_ROOT}/Manifest.lock",
			);
			name = "[CP] Check Pods Manifest.lock";
			outputFileListPaths = (
			);
			outputPaths = (
				"$(DERIVED_FILE_DIR)/Pods-gdgminsk-gdgminskUITests-checkManifestLockResult.txt",
			);
			runOnlyForDeploymentPostprocessing = 0;
			shellPath = /bin/sh;
			shellScript = "diff \"${PODS_PODFILE_DIR_PATH}/Podfile.lock\" \"${PODS_ROOT}/Manifest.lock\" > /dev/null\nif [ $? != 0 ] ; then\n    # print error to STDERR\n    echo \"error: The sandbox is not in sync with the Podfile.lock. Run 'pod install' or update your CocoaPods installation.\" >&2\n    exit 1\nfi\n# This output is used by Xcode 'outputs' to avoid re-running this script phase.\necho \"SUCCESS\" > \"${SCRIPT_OUTPUT_FILE_0}\"\n";
			showEnvVarsInLog = 0;
		};
		0588F65D6D2130287DC6BC52 /* [CP] Check Pods Manifest.lock */ = {
			isa = PBXShellScriptBuildPhase;
			buildActionMask = 2147483647;
			files = (
			);
			inputFileListPaths = (
			);
			inputPaths = (
				"${PODS_PODFILE_DIR_PATH}/Podfile.lock",
				"${PODS_ROOT}/Manifest.lock",
			);
			name = "[CP] Check Pods Manifest.lock";
			outputFileListPaths = (
			);
			outputPaths = (
				"$(DERIVED_FILE_DIR)/Pods-gdgminsk-checkManifestLockResult.txt",
			);
			runOnlyForDeploymentPostprocessing = 0;
			shellPath = /bin/sh;
			shellScript = "diff \"${PODS_PODFILE_DIR_PATH}/Podfile.lock\" \"${PODS_ROOT}/Manifest.lock\" > /dev/null\nif [ $? != 0 ] ; then\n    # print error to STDERR\n    echo \"error: The sandbox is not in sync with the Podfile.lock. Run 'pod install' or update your CocoaPods installation.\" >&2\n    exit 1\nfi\n# This output is used by Xcode 'outputs' to avoid re-running this script phase.\necho \"SUCCESS\" > \"${SCRIPT_OUTPUT_FILE_0}\"\n";
			showEnvVarsInLog = 0;
		};
		0C18FE3E245C6BAE00960952 /* SwiftLint */ = {
			isa = PBXShellScriptBuildPhase;
			buildActionMask = 2147483647;
			files = (
			);
			inputFileListPaths = (
			);
			inputPaths = (
			);
			name = SwiftLint;
			outputFileListPaths = (
			);
			outputPaths = (
			);
			runOnlyForDeploymentPostprocessing = 0;
			shellPath = /bin/sh;
			shellScript = "\"${PODS_ROOT}/SwiftLint/swiftlint\"\n";
		};
		3D10CD94FCE2E269D292D8A9 /* [CP] Check Pods Manifest.lock */ = {
			isa = PBXShellScriptBuildPhase;
			buildActionMask = 2147483647;
			files = (
			);
			inputFileListPaths = (
			);
			inputPaths = (
				"${PODS_PODFILE_DIR_PATH}/Podfile.lock",
				"${PODS_ROOT}/Manifest.lock",
			);
			name = "[CP] Check Pods Manifest.lock";
			outputFileListPaths = (
			);
			outputPaths = (
				"$(DERIVED_FILE_DIR)/Pods-gdgminskTests-checkManifestLockResult.txt",
			);
			runOnlyForDeploymentPostprocessing = 0;
			shellPath = /bin/sh;
			shellScript = "diff \"${PODS_PODFILE_DIR_PATH}/Podfile.lock\" \"${PODS_ROOT}/Manifest.lock\" > /dev/null\nif [ $? != 0 ] ; then\n    # print error to STDERR\n    echo \"error: The sandbox is not in sync with the Podfile.lock. Run 'pod install' or update your CocoaPods installation.\" >&2\n    exit 1\nfi\n# This output is used by Xcode 'outputs' to avoid re-running this script phase.\necho \"SUCCESS\" > \"${SCRIPT_OUTPUT_FILE_0}\"\n";
			showEnvVarsInLog = 0;
		};
		596CD59775F2F2643471B1ED /* [CP] Embed Pods Frameworks */ = {
			isa = PBXShellScriptBuildPhase;
			buildActionMask = 2147483647;
			files = (
			);
			inputFileListPaths = (
				"${PODS_ROOT}/Target Support Files/Pods-gdgminskTests/Pods-gdgminskTests-frameworks-${CONFIGURATION}-input-files.xcfilelist",
			);
			name = "[CP] Embed Pods Frameworks";
			outputFileListPaths = (
				"${PODS_ROOT}/Target Support Files/Pods-gdgminskTests/Pods-gdgminskTests-frameworks-${CONFIGURATION}-output-files.xcfilelist",
			);
			runOnlyForDeploymentPostprocessing = 0;
			shellPath = /bin/sh;
			shellScript = "\"${PODS_ROOT}/Target Support Files/Pods-gdgminskTests/Pods-gdgminskTests-frameworks.sh\"\n";
			showEnvVarsInLog = 0;
		};
		5A35DFB5FA67C027D3BD1903 /* [CP] Embed Pods Frameworks */ = {
			isa = PBXShellScriptBuildPhase;
			buildActionMask = 2147483647;
			files = (
			);
			inputFileListPaths = (
				"${PODS_ROOT}/Target Support Files/Pods-gdgminsk-gdgminskUITests/Pods-gdgminsk-gdgminskUITests-frameworks-${CONFIGURATION}-input-files.xcfilelist",
			);
			name = "[CP] Embed Pods Frameworks";
			outputFileListPaths = (
				"${PODS_ROOT}/Target Support Files/Pods-gdgminsk-gdgminskUITests/Pods-gdgminsk-gdgminskUITests-frameworks-${CONFIGURATION}-output-files.xcfilelist",
			);
			runOnlyForDeploymentPostprocessing = 0;
			shellPath = /bin/sh;
			shellScript = "\"${PODS_ROOT}/Target Support Files/Pods-gdgminsk-gdgminskUITests/Pods-gdgminsk-gdgminskUITests-frameworks.sh\"\n";
			showEnvVarsInLog = 0;
		};
		B9F3D0ADEEE3552508DF8A0F /* [CP] Embed Pods Frameworks */ = {
			isa = PBXShellScriptBuildPhase;
			buildActionMask = 2147483647;
			files = (
			);
			inputFileListPaths = (
				"${PODS_ROOT}/Target Support Files/Pods-gdgminsk/Pods-gdgminsk-frameworks-${CONFIGURATION}-input-files.xcfilelist",
			);
			name = "[CP] Embed Pods Frameworks";
			outputFileListPaths = (
				"${PODS_ROOT}/Target Support Files/Pods-gdgminsk/Pods-gdgminsk-frameworks-${CONFIGURATION}-output-files.xcfilelist",
			);
			runOnlyForDeploymentPostprocessing = 0;
			shellPath = /bin/sh;
			shellScript = "\"${PODS_ROOT}/Target Support Files/Pods-gdgminsk/Pods-gdgminsk-frameworks.sh\"\n";
			showEnvVarsInLog = 0;
		};
/* End PBXShellScriptBuildPhase section */

/* Begin PBXSourcesBuildPhase section */
		0CE10245245B8BFE0074F6CC /* Sources */ = {
			isa = PBXSourcesBuildPhase;
			buildActionMask = 2147483647;
			files = (
				0C18FE3B245C54E200960952 /* Session.swift in Sources */,
				A081D536247D3A780074966F /* EventsRouter.swift in Sources */,
				A081D534247D3A5C0074966F /* EventsViewModel.swift in Sources */,
				0C0D920A245D91E600A4F2ED /* EventViewItem.swift in Sources */,
				0CE1024D245B8BFE0074F6CC /* AppDelegate.swift in Sources */,
				A081D538247D3CDB0074966F /* EventsModuleBuilder.swift in Sources */,
				0C0D9215245D92F400A4F2ED /* SpeakerViewItem.swift in Sources */,
				0C697B4C247C73CB005F5E24 /* EventsView.swift in Sources */,
				0CE1024F245B8BFE0074F6CC /* SceneDelegate.swift in Sources */,
				0C0D9208245D91D200A4F2ED /* EventServiceProtocol.swift in Sources */,
				0C0D9217245D930600A4F2ED /* MockSpeakerService.swift in Sources */,
				0C0D920C245D91F900A4F2ED /* MockEventService.swift in Sources */,
				0C0D9213245D92DF00A4F2ED /* SpeakerServiceProtocol.swift in Sources */,
			);
			runOnlyForDeploymentPostprocessing = 0;
		};
		0CE1025B245B8C010074F6CC /* Sources */ = {
			isa = PBXSourcesBuildPhase;
			buildActionMask = 2147483647;
			files = (
				A0AC9398247FF59000714D6E /* EventsModuleBuilderSpec.swift in Sources */,
				A0AC939A247FF64500714D6E /* SessionSpecs.swift in Sources */,
			);
			runOnlyForDeploymentPostprocessing = 0;
		};
		0CE10266245B8C020074F6CC /* Sources */ = {
			isa = PBXSourcesBuildPhase;
			buildActionMask = 2147483647;
			files = (
				0C36CE65245D97C0009C3853 /* GDGUITests.swift in Sources */,
			);
			runOnlyForDeploymentPostprocessing = 0;
		};
/* End PBXSourcesBuildPhase section */

/* Begin PBXTargetDependency section */
		0CE10261245B8C010074F6CC /* PBXTargetDependency */ = {
			isa = PBXTargetDependency;
			target = 0CE10248245B8BFE0074F6CC /* gdgminsk */;
			targetProxy = 0CE10260245B8C010074F6CC /* PBXContainerItemProxy */;
		};
		0CE1026C245B8C020074F6CC /* PBXTargetDependency */ = {
			isa = PBXTargetDependency;
			target = 0CE10248245B8BFE0074F6CC /* gdgminsk */;
			targetProxy = 0CE1026B245B8C020074F6CC /* PBXContainerItemProxy */;
		};
/* End PBXTargetDependency section */

/* Begin PBXVariantGroup section */
		0CE10257245B8C010074F6CC /* LaunchScreen.storyboard */ = {
			isa = PBXVariantGroup;
			children = (
				0CE10258245B8C010074F6CC /* Base */,
			);
			name = LaunchScreen.storyboard;
			sourceTree = "<group>";
		};
/* End PBXVariantGroup section */

/* Begin XCBuildConfiguration section */
		0CE10271245B8C020074F6CC /* Debug */ = {
			isa = XCBuildConfiguration;
			buildSettings = {
				ALWAYS_SEARCH_USER_PATHS = NO;
				CLANG_ANALYZER_NONNULL = YES;
				CLANG_ANALYZER_NUMBER_OBJECT_CONVERSION = YES_AGGRESSIVE;
				CLANG_CXX_LANGUAGE_STANDARD = "gnu++14";
				CLANG_CXX_LIBRARY = "libc++";
				CLANG_ENABLE_MODULES = YES;
				CLANG_ENABLE_OBJC_ARC = YES;
				CLANG_ENABLE_OBJC_WEAK = YES;
				CLANG_WARN_BLOCK_CAPTURE_AUTORELEASING = YES;
				CLANG_WARN_BOOL_CONVERSION = YES;
				CLANG_WARN_COMMA = YES;
				CLANG_WARN_CONSTANT_CONVERSION = YES;
				CLANG_WARN_DEPRECATED_OBJC_IMPLEMENTATIONS = YES;
				CLANG_WARN_DIRECT_OBJC_ISA_USAGE = YES_ERROR;
				CLANG_WARN_DOCUMENTATION_COMMENTS = YES;
				CLANG_WARN_EMPTY_BODY = YES;
				CLANG_WARN_ENUM_CONVERSION = YES;
				CLANG_WARN_INFINITE_RECURSION = YES;
				CLANG_WARN_INT_CONVERSION = YES;
				CLANG_WARN_NON_LITERAL_NULL_CONVERSION = YES;
				CLANG_WARN_OBJC_IMPLICIT_RETAIN_SELF = YES;
				CLANG_WARN_OBJC_LITERAL_CONVERSION = YES;
				CLANG_WARN_OBJC_ROOT_CLASS = YES_ERROR;
				CLANG_WARN_RANGE_LOOP_ANALYSIS = YES;
				CLANG_WARN_STRICT_PROTOTYPES = YES;
				CLANG_WARN_SUSPICIOUS_MOVE = YES;
				CLANG_WARN_UNGUARDED_AVAILABILITY = YES_AGGRESSIVE;
				CLANG_WARN_UNREACHABLE_CODE = YES;
				CLANG_WARN__DUPLICATE_METHOD_MATCH = YES;
				COPY_PHASE_STRIP = NO;
				DEBUG_INFORMATION_FORMAT = dwarf;
				ENABLE_STRICT_OBJC_MSGSEND = YES;
				ENABLE_TESTABILITY = YES;
				GCC_C_LANGUAGE_STANDARD = gnu11;
				GCC_DYNAMIC_NO_PIC = NO;
				GCC_NO_COMMON_BLOCKS = YES;
				GCC_OPTIMIZATION_LEVEL = 0;
				GCC_PREPROCESSOR_DEFINITIONS = (
					"DEBUG=1",
					"$(inherited)",
				);
				GCC_WARN_64_TO_32_BIT_CONVERSION = YES;
				GCC_WARN_ABOUT_RETURN_TYPE = YES_ERROR;
				GCC_WARN_UNDECLARED_SELECTOR = YES;
				GCC_WARN_UNINITIALIZED_AUTOS = YES_AGGRESSIVE;
				GCC_WARN_UNUSED_FUNCTION = YES;
				GCC_WARN_UNUSED_VARIABLE = YES;
				IPHONEOS_DEPLOYMENT_TARGET = 13.2;
				MTL_ENABLE_DEBUG_INFO = INCLUDE_SOURCE;
				MTL_FAST_MATH = YES;
				ONLY_ACTIVE_ARCH = YES;
				SDKROOT = iphoneos;
				SWIFT_ACTIVE_COMPILATION_CONDITIONS = DEBUG;
				SWIFT_OPTIMIZATION_LEVEL = "-Onone";
			};
			name = Debug;
		};
		0CE10272245B8C020074F6CC /* Release */ = {
			isa = XCBuildConfiguration;
			buildSettings = {
				ALWAYS_SEARCH_USER_PATHS = NO;
				CLANG_ANALYZER_NONNULL = YES;
				CLANG_ANALYZER_NUMBER_OBJECT_CONVERSION = YES_AGGRESSIVE;
				CLANG_CXX_LANGUAGE_STANDARD = "gnu++14";
				CLANG_CXX_LIBRARY = "libc++";
				CLANG_ENABLE_MODULES = YES;
				CLANG_ENABLE_OBJC_ARC = YES;
				CLANG_ENABLE_OBJC_WEAK = YES;
				CLANG_WARN_BLOCK_CAPTURE_AUTORELEASING = YES;
				CLANG_WARN_BOOL_CONVERSION = YES;
				CLANG_WARN_COMMA = YES;
				CLANG_WARN_CONSTANT_CONVERSION = YES;
				CLANG_WARN_DEPRECATED_OBJC_IMPLEMENTATIONS = YES;
				CLANG_WARN_DIRECT_OBJC_ISA_USAGE = YES_ERROR;
				CLANG_WARN_DOCUMENTATION_COMMENTS = YES;
				CLANG_WARN_EMPTY_BODY = YES;
				CLANG_WARN_ENUM_CONVERSION = YES;
				CLANG_WARN_INFINITE_RECURSION = YES;
				CLANG_WARN_INT_CONVERSION = YES;
				CLANG_WARN_NON_LITERAL_NULL_CONVERSION = YES;
				CLANG_WARN_OBJC_IMPLICIT_RETAIN_SELF = YES;
				CLANG_WARN_OBJC_LITERAL_CONVERSION = YES;
				CLANG_WARN_OBJC_ROOT_CLASS = YES_ERROR;
				CLANG_WARN_RANGE_LOOP_ANALYSIS = YES;
				CLANG_WARN_STRICT_PROTOTYPES = YES;
				CLANG_WARN_SUSPICIOUS_MOVE = YES;
				CLANG_WARN_UNGUARDED_AVAILABILITY = YES_AGGRESSIVE;
				CLANG_WARN_UNREACHABLE_CODE = YES;
				CLANG_WARN__DUPLICATE_METHOD_MATCH = YES;
				COPY_PHASE_STRIP = NO;
				DEBUG_INFORMATION_FORMAT = "dwarf-with-dsym";
				ENABLE_NS_ASSERTIONS = NO;
				ENABLE_STRICT_OBJC_MSGSEND = YES;
				GCC_C_LANGUAGE_STANDARD = gnu11;
				GCC_NO_COMMON_BLOCKS = YES;
				GCC_WARN_64_TO_32_BIT_CONVERSION = YES;
				GCC_WARN_ABOUT_RETURN_TYPE = YES_ERROR;
				GCC_WARN_UNDECLARED_SELECTOR = YES;
				GCC_WARN_UNINITIALIZED_AUTOS = YES_AGGRESSIVE;
				GCC_WARN_UNUSED_FUNCTION = YES;
				GCC_WARN_UNUSED_VARIABLE = YES;
				IPHONEOS_DEPLOYMENT_TARGET = 13.2;
				MTL_ENABLE_DEBUG_INFO = NO;
				MTL_FAST_MATH = YES;
				SDKROOT = iphoneos;
				SWIFT_COMPILATION_MODE = wholemodule;
				SWIFT_OPTIMIZATION_LEVEL = "-O";
				VALIDATE_PRODUCT = YES;
			};
			name = Release;
		};
		0CE10274245B8C020074F6CC /* Debug */ = {
			isa = XCBuildConfiguration;
			baseConfigurationReference = 2809F18415798FE82DA88FC0 /* Pods-gdgminsk.debug.xcconfig */;
			buildSettings = {
				ASSETCATALOG_COMPILER_APPICON_NAME = AppIcon;
				CODE_SIGN_STYLE = Automatic;
				DEVELOPMENT_TEAM = 5NVWJ2SDAF;
				INFOPLIST_FILE = gdgminsk/Info.plist;
				LD_RUNPATH_SEARCH_PATHS = (
					"$(inherited)",
					"@executable_path/Frameworks",
				);
				PRODUCT_BUNDLE_IDENTIFIER = by.minsk.gdg;
				PRODUCT_NAME = "$(TARGET_NAME)";
				SWIFT_TREAT_WARNINGS_AS_ERRORS = YES;
				SWIFT_VERSION = 5.0;
				TARGETED_DEVICE_FAMILY = 1;
			};
			name = Debug;
		};
		0CE10275245B8C020074F6CC /* Release */ = {
			isa = XCBuildConfiguration;
			baseConfigurationReference = 384EC510C693AEA239E1B2A5 /* Pods-gdgminsk.release.xcconfig */;
			buildSettings = {
				ASSETCATALOG_COMPILER_APPICON_NAME = AppIcon;
				CODE_SIGN_STYLE = Automatic;
				DEVELOPMENT_TEAM = 5NVWJ2SDAF;
				INFOPLIST_FILE = gdgminsk/Info.plist;
				LD_RUNPATH_SEARCH_PATHS = (
					"$(inherited)",
					"@executable_path/Frameworks",
				);
				PRODUCT_BUNDLE_IDENTIFIER = by.minsk.gdg;
				PRODUCT_NAME = "$(TARGET_NAME)";
				SWIFT_TREAT_WARNINGS_AS_ERRORS = YES;
				SWIFT_VERSION = 5.0;
				TARGETED_DEVICE_FAMILY = 1;
			};
			name = Release;
		};
		0CE10277245B8C020074F6CC /* Debug */ = {
			isa = XCBuildConfiguration;
			baseConfigurationReference = C4ADF146D0CDD09C0896D8D3 /* Pods-gdgminskTests.debug.xcconfig */;
			buildSettings = {
				ALWAYS_EMBED_SWIFT_STANDARD_LIBRARIES = YES;
				BUNDLE_LOADER = "$(TEST_HOST)";
				CLANG_ENABLE_MODULES = YES;
				CODE_SIGN_STYLE = Automatic;
				DEVELOPMENT_TEAM = 5NVWJ2SDAF;
				INFOPLIST_FILE = gdgminskTests/Info.plist;
				IPHONEOS_DEPLOYMENT_TARGET = 13.2;
				LD_RUNPATH_SEARCH_PATHS = (
					"$(inherited)",
					"@executable_path/Frameworks",
					"@loader_path/Frameworks",
				);
				PRODUCT_BUNDLE_IDENTIFIER = by.minsk.gdg.gdgminskTests;
				PRODUCT_NAME = "$(TARGET_NAME)";
				SWIFT_OPTIMIZATION_LEVEL = "-Onone";
				SWIFT_VERSION = 5.0;
				TARGETED_DEVICE_FAMILY = "1,2";
				TEST_HOST = "$(BUILT_PRODUCTS_DIR)/gdgminsk.app/gdgminsk";
			};
			name = Debug;
		};
		0CE10278245B8C020074F6CC /* Release */ = {
			isa = XCBuildConfiguration;
			baseConfigurationReference = F2935C5338ABADC58F439AFE /* Pods-gdgminskTests.release.xcconfig */;
			buildSettings = {
				ALWAYS_EMBED_SWIFT_STANDARD_LIBRARIES = YES;
				BUNDLE_LOADER = "$(TEST_HOST)";
				CLANG_ENABLE_MODULES = YES;
				CODE_SIGN_STYLE = Automatic;
				DEVELOPMENT_TEAM = 5NVWJ2SDAF;
				INFOPLIST_FILE = gdgminskTests/Info.plist;
				IPHONEOS_DEPLOYMENT_TARGET = 13.2;
				LD_RUNPATH_SEARCH_PATHS = (
					"$(inherited)",
					"@executable_path/Frameworks",
					"@loader_path/Frameworks",
				);
				PRODUCT_BUNDLE_IDENTIFIER = by.minsk.gdg.gdgminskTests;
				PRODUCT_NAME = "$(TARGET_NAME)";
				SWIFT_VERSION = 5.0;
				TARGETED_DEVICE_FAMILY = "1,2";
				TEST_HOST = "$(BUILT_PRODUCTS_DIR)/gdgminsk.app/gdgminsk";
			};
			name = Release;
		};
		0CE1027A245B8C020074F6CC /* Debug */ = {
			isa = XCBuildConfiguration;
			baseConfigurationReference = 9406556EC82463EC12FA0A77 /* Pods-gdgminsk-gdgminskUITests.debug.xcconfig */;
			buildSettings = {
				ALWAYS_EMBED_SWIFT_STANDARD_LIBRARIES = YES;
				CLANG_ENABLE_MODULES = YES;
				CODE_SIGN_STYLE = Automatic;
				DEVELOPMENT_TEAM = 5NVWJ2SDAF;
				INFOPLIST_FILE = gdgminskUITests/Info.plist;
				LD_RUNPATH_SEARCH_PATHS = (
					"$(inherited)",
					"@executable_path/Frameworks",
					"@loader_path/Frameworks",
				);
				PRODUCT_BUNDLE_IDENTIFIER = by.minsk.gdg.gdgminskUITests;
				PRODUCT_NAME = "$(TARGET_NAME)";
				SWIFT_OPTIMIZATION_LEVEL = "-Onone";
				SWIFT_VERSION = 5.0;
				TARGETED_DEVICE_FAMILY = "1,2";
				TEST_TARGET_NAME = gdgminsk;
			};
			name = Debug;
		};
		0CE1027B245B8C020074F6CC /* Release */ = {
			isa = XCBuildConfiguration;
			baseConfigurationReference = B2DEB4F48F9FE6C92817A552 /* Pods-gdgminsk-gdgminskUITests.release.xcconfig */;
			buildSettings = {
				ALWAYS_EMBED_SWIFT_STANDARD_LIBRARIES = YES;
				CLANG_ENABLE_MODULES = YES;
				CODE_SIGN_STYLE = Automatic;
				DEVELOPMENT_TEAM = 5NVWJ2SDAF;
				INFOPLIST_FILE = gdgminskUITests/Info.plist;
				LD_RUNPATH_SEARCH_PATHS = (
					"$(inherited)",
					"@executable_path/Frameworks",
					"@loader_path/Frameworks",
				);
				PRODUCT_BUNDLE_IDENTIFIER = by.minsk.gdg.gdgminskUITests;
				PRODUCT_NAME = "$(TARGET_NAME)";
				SWIFT_VERSION = 5.0;
				TARGETED_DEVICE_FAMILY = "1,2";
				TEST_TARGET_NAME = gdgminsk;
			};
			name = Release;
		};
/* End XCBuildConfiguration section */

/* Begin XCConfigurationList section */
		0CE10244245B8BFD0074F6CC /* Build configuration list for PBXProject "gdgminsk" */ = {
			isa = XCConfigurationList;
			buildConfigurations = (
				0CE10271245B8C020074F6CC /* Debug */,
				0CE10272245B8C020074F6CC /* Release */,
			);
			defaultConfigurationIsVisible = 0;
			defaultConfigurationName = Release;
		};
		0CE10273245B8C020074F6CC /* Build configuration list for PBXNativeTarget "gdgminsk" */ = {
			isa = XCConfigurationList;
			buildConfigurations = (
				0CE10274245B8C020074F6CC /* Debug */,
				0CE10275245B8C020074F6CC /* Release */,
			);
			defaultConfigurationIsVisible = 0;
			defaultConfigurationName = Release;
		};
		0CE10276245B8C020074F6CC /* Build configuration list for PBXNativeTarget "gdgminskTests" */ = {
			isa = XCConfigurationList;
			buildConfigurations = (
				0CE10277245B8C020074F6CC /* Debug */,
				0CE10278245B8C020074F6CC /* Release */,
			);
			defaultConfigurationIsVisible = 0;
			defaultConfigurationName = Release;
		};
		0CE10279245B8C020074F6CC /* Build configuration list for PBXNativeTarget "gdgminskUITests" */ = {
			isa = XCConfigurationList;
			buildConfigurations = (
				0CE1027A245B8C020074F6CC /* Debug */,
				0CE1027B245B8C020074F6CC /* Release */,
			);
			defaultConfigurationIsVisible = 0;
			defaultConfigurationName = Release;
		};
/* End XCConfigurationList section */
	};
	rootObject = 0CE10241245B8BFD0074F6CC /* Project object */;
}
